
Microsoft Visual Studio Solution File, Format Version 12.00
# Visual Studio Version 16
VisualStudioVersion = 16.0.31702.278
MinimumVisualStudioVersion = 10.0.40219.1
Project("{9A19103F-16F7-4668-BE54-9A1E7A4F7556}") = "FreeAwait", "src\FreeAwait\FreeAwait.csproj", "{98563888-0002-4BC5-8B4E-F82D32B58119}"
EndProject
Project("{9A19103F-16F7-4668-BE54-9A1E7A4F7556}") = "TestIO", "samples\TestIO\TestIO.csproj", "{F5DFB980-07D6-4E39-8EAA-719C46F3F0CD}"
EndProject
Project("{9A19103F-16F7-4668-BE54-9A1E7A4F7556}") = "Greet", "samples\Greet\Greet.csproj", "{ACC89DB4-3112-40B6-8D16-7E31AA81C673}"
EndProject
Project("{9A19103F-16F7-4668-BE54-9A1E7A4F7556}") = "FreeAwait.Tests", "test\FreeAwait.Tests\FreeAwait.Tests.csproj", "{A1338AE3-2C21-4F14-AFD2-398AC1CDDFFD}"
EndProject
Project("{9A19103F-16F7-4668-BE54-9A1E7A4F7556}") = "FreeAwait.Extensions.AspNetCore", "FreeAwait.Extensions.AspNetCore\FreeAwait.Extensions.AspNetCore.csproj", "{AA82A3B1-9872-411A-AC07-E99709BAB304}"
EndProject
Project("{2150E333-8FDC-42A3-9474-1A3956D46DE8}") = "Samples", "Samples", "{66E6F77F-81DD-4988-9C59-3FE1F25E21BE}"
EndProject
Global
	GlobalSection(SolutionConfigurationPlatforms) = preSolution
		Debug|Any CPU = Debug|Any CPU
		Release|Any CPU = Release|Any CPU
	EndGlobalSection
	GlobalSection(ProjectConfigurationPlatforms) = postSolution
		{98563888-0002-4BC5-8B4E-F82D32B58119}.Debug|Any CPU.ActiveCfg = Debug|Any CPU
		{98563888-0002-4BC5-8B4E-F82D32B58119}.Debug|Any CPU.Build.0 = Debug|Any CPU
		{98563888-0002-4BC5-8B4E-F82D32B58119}.Release|Any CPU.ActiveCfg = Release|Any CPU
		{98563888-0002-4BC5-8B4E-F82D32B58119}.Release|Any CPU.Build.0 = Release|Any CPU
		{F5DFB980-07D6-4E39-8EAA-719C46F3F0CD}.Debug|Any CPU.ActiveCfg = Debug|Any CPU
		{F5DFB980-07D6-4E39-8EAA-719C46F3F0CD}.Debug|Any CPU.Build.0 = Debug|Any CPU
		{F5DFB980-07D6-4E39-8EAA-719C46F3F0CD}.Release|Any CPU.ActiveCfg = Release|Any CPU
		{F5DFB980-07D6-4E39-8EAA-719C46F3F0CD}.Release|Any CPU.Build.0 = Release|Any CPU
		{ACC89DB4-3112-40B6-8D16-7E31AA81C673}.Debug|Any CPU.ActiveCfg = Debug|Any CPU
		{ACC89DB4-3112-40B6-8D16-7E31AA81C673}.Debug|Any CPU.Build.0 = Debug|Any CPU
		{ACC89DB4-3112-40B6-8D16-7E31AA81C673}.Release|Any CPU.ActiveCfg = Release|Any CPU
		{ACC89DB4-3112-40B6-8D16-7E31AA81C673}.Release|Any CPU.Build.0 = Release|Any CPU
		{A1338AE3-2C21-4F14-AFD2-398AC1CDDFFD}.Debug|Any CPU.ActiveCfg = Debug|Any CPU
		{A1338AE3-2C21-4F14-AFD2-398AC1CDDFFD}.Debug|Any CPU.Build.0 = Debug|Any CPU
		{A1338AE3-2C21-4F14-AFD2-398AC1CDDFFD}.Release|Any CPU.ActiveCfg = Release|Any CPU
		{A1338AE3-2C21-4F14-AFD2-398AC1CDDFFD}.Release|Any CPU.Build.0 = Release|Any CPU
		{AA82A3B1-9872-411A-AC07-E99709BAB304}.Debug|Any CPU.ActiveCfg = Debug|Any CPU
		{AA82A3B1-9872-411A-AC07-E99709BAB304}.Debug|Any CPU.Build.0 = Debug|Any CPU
		{AA82A3B1-9872-411A-AC07-E99709BAB304}.Release|Any CPU.ActiveCfg = Release|Any CPU
		{AA82A3B1-9872-411A-AC07-E99709BAB304}.Release|Any CPU.Build.0 = Release|Any CPU
	EndGlobalSection
	GlobalSection(SolutionProperties) = preSolution
		HideSolutionNode = FALSE
	EndGlobalSection
	GlobalSection(NestedProjects) = preSolution
		{F5DFB980-07D6-4E39-8EAA-719C46F3F0CD} = {66E6F77F-81DD-4988-9C59-3FE1F25E21BE}
		{ACC89DB4-3112-40B6-8D16-7E31AA81C673} = {66E6F77F-81DD-4988-9C59-3FE1F25E21BE}
	EndGlobalSection
	GlobalSection(ExtensibilityGlobals) = postSolution
		SolutionGuid = {14868022-AC29-4954-A356-8764FCF1EBEA}
	EndGlobalSection
EndGlobal
